<?xml version="1.0" encoding="utf-8"?>
<Project ToolsVersion="4.0" xmlns="http://schemas.microsoft.com/developer/msbuild/2003">
  <ItemGroup>
    <Filter Include="Resource Files">
      <UniqueIdentifier>{67DA6AB6-F800-4c08-8B7A-83BB121AAD01}</UniqueIdentifier>
      <Extensions>rc;ico;cur;bmp;dlg;rc2;rct;bin;rgs;gif;jpg;jpeg;jpe;resx;tiff;tif;png;wav;mfcribbon-ms</Extensions>
    </Filter>
    <Filter Include="main">
      <UniqueIdentifier>{cc3547de-7afa-4791-a276-e6d2bb1158be}</UniqueIdentifier>
    </Filter>
    <Filter Include="engine">
      <UniqueIdentifier>{fceb6e19-8d3f-4392-8da9-4f31a3538620}</UniqueIdentifier>
    </Filter>
    <Filter Include="game-gwell">
      <UniqueIdentifier>{7e342ecd-0b50-4bc3-aed0-3c4022389f96}</UniqueIdentifier>
    </Filter>
    <Filter Include="cull">
      <UniqueIdentifier>{2a8267e1-9d42-44d6-821d-53bac38f1c09}</UniqueIdentifier>
    </Filter>
    <Filter Include="tests">
      <UniqueIdentifier>{93ec7440-fced-4f4c-b993-43141012da1c}</UniqueIdentifier>
    </Filter>
    <Filter Include="render">
      <UniqueIdentifier>{211684f3-2630-4e52-b3c2-c53dbb1b1790}</UniqueIdentifier>
    </Filter>
    <Filter Include="util">
      <UniqueIdentifier>{ed9b494b-7c80-4952-b95c-3710765e5c2b}</UniqueIdentifier>
    </Filter>
    <Filter Include="media">
      <UniqueIdentifier>{56f3dca7-9755-4c58-8c96-d19249796ef7}</UniqueIdentifier>
    </Filter>
    <Filter Include="media\pixelshaders">
      <UniqueIdentifier>{8f98e652-41a0-4979-9928-9764cf7fac65}</UniqueIdentifier>
    </Filter>
    <Filter Include="media\vertexshaders">
      <UniqueIdentifier>{bef84482-e6c5-4d75-87b5-25a86a9433bb}</UniqueIdentifier>
    </Filter>
    <Filter Include="util\Math">
      <UniqueIdentifier>{dbd00fd8-9c13-49a5-aeb1-4568b6926da6}</UniqueIdentifier>
    </Filter>
    <Filter Include="Graphics">
      <UniqueIdentifier>{4cb06a8d-d3bf-4f52-907d-dff68c7d066c}</UniqueIdentifier>
    </Filter>
    <Filter Include="Graphics\DXGI">
      <UniqueIdentifier>{0ba004e4-83c6-4403-a132-2508ed19de35}</UniqueIdentifier>
    </Filter>
    <Filter Include="Graphics\d3d11">
      <UniqueIdentifier>{98fed115-050d-432d-9791-54c81293eead}</UniqueIdentifier>
    </Filter>
    <Filter Include="Graphics\Generic">
      <UniqueIdentifier>{1db0be2f-df7b-4bb0-994e-84a76304bf72}</UniqueIdentifier>
    </Filter>
    <Filter Include="Geometry">
      <UniqueIdentifier>{8b22fbcc-4b02-4a74-b70f-38546e50c727}</UniqueIdentifier>
    </Filter>
  </ItemGroup>
  <ItemGroup>
    <ClCompile Include="..\src\main\Window.cpp">
      <Filter>main</Filter>
    </ClCompile>
    <ClCompile Include="..\src\game-gwell\LargeObjectManager.cpp">
      <Filter>game-gwell</Filter>
    </ClCompile>
    <ClCompile Include="..\src\util\GenericHandle.cpp">
      <Filter>util</Filter>
    </ClCompile>
    <ClCompile Include="..\src\util\Job.cpp">
      <Filter>util</Filter>
    </ClCompile>
    <ClCompile Include="..\src\util\Jobs.cpp">
      <Filter>util</Filter>
    </ClCompile>
    <ClCompile Include="..\src\util\ThreadPool.cpp">
      <Filter>util</Filter>
    </ClCompile>
    <ClCompile Include="..\src\util\Work.cpp">
      <Filter>util</Filter>
    </ClCompile>
    <ClCompile Include="..\src\render\Camera.cpp">
      <Filter>render</Filter>
    </ClCompile>
    <ClCompile Include="..\src\stdafx.cpp" />
    <ClCompile Include="..\src\game-gwell\LinearMotion.cpp">
      <Filter>game-gwell</Filter>
    </ClCompile>
    <ClCompile Include="..\src\game-gwell\Entity.cpp">
      <Filter>game-gwell</Filter>
    </ClCompile>
    <ClCompile Include="..\src\game-gwell\Game.cpp">
      <Filter>game-gwell</Filter>
    </ClCompile>
    <ClCompile Include="..\src\game-gwell\Position.cpp">
      <Filter>game-gwell</Filter>
    </ClCompile>
    <ClCompile Include="..\src\game-gwell\BroadCollisions.cpp">
      <Filter>game-gwell</Filter>
    </ClCompile>
    <ClCompile Include="..\src\game-gwell\Physics.cpp">
      <Filter>game-gwell</Filter>
    </ClCompile>
    <ClCompile Include="..\src\Graphics\DXGI\dxgi.cpp">
      <Filter>Graphics\DXGI</Filter>
    </ClCompile>
    <ClCompile Include="..\src\Graphics\D3D11\Driver.cpp">
      <Filter>Graphics\d3d11</Filter>
    </ClCompile>
    <ClCompile Include="..\src\Graphics\D3D11\Vertexs.cpp">
      <Filter>Graphics\d3d11</Filter>
    </ClCompile>
    <ClCompile Include="..\src\Graphics\D3D11\ShaderCompiler.cpp">
      <Filter>Graphics\d3d11</Filter>
    </ClCompile>
    <ClCompile Include="..\src\procedural\Geometry.cpp">
      <Filter>Geometry</Filter>
    </ClCompile>
    <ClCompile Include="..\src\main\main.cpp">
      <Filter>main</Filter>
    </ClCompile>
    <ClCompile Include="..\src\util\CmdLineParser.cpp">
      <Filter>util</Filter>
    </ClCompile>
    <ClCompile Include="..\src\engine\Engine.cpp">
      <Filter>engine</Filter>
    </ClCompile>
    <ClCompile Include="..\src\main\WindowsGame.cpp">
      <Filter>main</Filter>
    </ClCompile>
    <ClCompile Include="..\src\Graphics\D3D11\Render.cpp">
      <Filter>Graphics\d3d11</Filter>
    </ClCompile>
    <ClCompile Include="..\src\tests\RenderTest.cpp">
      <Filter>tests</Filter>
    </ClCompile>
  </ItemGroup>
  <ItemGroup>
    <ClInclude Include="..\src\main\Resource.h">
      <Filter>main</Filter>
    </ClInclude>
    <ClInclude Include="..\src\main\Window.h">
      <Filter>main</Filter>
    </ClInclude>
    <ClInclude Include="..\src\game-gwell\LargeObjectManager.h">
      <Filter>game-gwell</Filter>
    </ClInclude>
    <ClInclude Include="..\src\cull\Cull2DBoxVsSphereWithOffset.h">
      <Filter>cull</Filter>
    </ClInclude>
    <ClInclude Include="..\src\util\CriticalSection.h">
      <Filter>util</Filter>
    </ClInclude>
    <ClInclude Include="..\src\util\FreeListVector.h">
      <Filter>util</Filter>
    </ClInclude>
    <ClInclude Include="..\src\util\GenericHandle.h">
      <Filter>util</Filter>
    </ClInclude>
    <ClInclude Include="..\src\util\GenericHandleManager.h">
      <Filter>util</Filter>
    </ClInclude>
    <ClInclude Include="..\src\util\InvasiveRefCount.h">
      <Filter>util</Filter>
    </ClInclude>
    <ClInclude Include="..\src\util\Job.h">
      <Filter>util</Filter>
    </ClInclude>
    <ClInclude Include="..\src\util\Jobs.h">
      <Filter>util</Filter>
    </ClInclude>
    <ClInclude Include="..\src\util\Lock.h">
      <Filter>util</Filter>
    </ClInclude>
    <ClInclude Include="..\src\util\Math.h">
      <Filter>util</Filter>
    </ClInclude>
    <ClInclude Include="..\src\util\RefCountPointer.h">
      <Filter>util</Filter>
    </ClInclude>
    <ClInclude Include="..\src\util\TagArray.h">
      <Filter>util</Filter>
    </ClInclude>
    <ClInclude Include="..\src\util\ThreadPool.h">
      <Filter>util</Filter>
    </ClInclude>
    <ClInclude Include="..\src\util\Work.h">
      <Filter>util</Filter>
    </ClInclude>
    <ClInclude Include="..\src\render\Camera.h">
      <Filter>render</Filter>
    </ClInclude>
    <ClInclude Include="..\src\render\Render.h">
      <Filter>render</Filter>
    </ClInclude>
    <ClInclude Include="..\src\stdafx.h" />
    <ClInclude Include="..\src\main\targetver.h" />
    <ClInclude Include="..\src\game-gwell\Entity.h">
      <Filter>game-gwell</Filter>
    </ClInclude>
    <ClInclude Include="..\src\game-gwell\Game.h">
      <Filter>game-gwell</Filter>
    </ClInclude>
    <ClInclude Include="..\src\util\MinTypeSize.hpp">
      <Filter>util</Filter>
    </ClInclude>
    <ClInclude Include="..\src\game-gwell\LinearMotion.h">
      <Filter>game-gwell</Filter>
    </ClInclude>
    <ClInclude Include="..\src\game-gwell\Coord.h">
      <Filter>game-gwell</Filter>
    </ClInclude>
    <ClInclude Include="TimeStep.h">
      <Filter>main</Filter>
    </ClInclude>
    <ClInclude Include="..\src\game-gwell\Position.h">
      <Filter>game-gwell</Filter>
    </ClInclude>
    <ClInclude Include="..\src\game-gwell\BroadCollisions.h">
      <Filter>game-gwell</Filter>
    </ClInclude>
    <ClInclude Include="..\src\util\Temp.hpp">
      <Filter>util</Filter>
    </ClInclude>
    <ClInclude Include="..\src\util\VectorCache.hpp">
      <Filter>util</Filter>
    </ClInclude>
    <ClInclude Include="..\src\game-gwell\Physics.h">
      <Filter>game-gwell</Filter>
    </ClInclude>
    <ClInclude Include="..\src\util\Math\RectT.h">
      <Filter>util\Math</Filter>
    </ClInclude>
    <ClInclude Include="..\src\util\Math\Vector2.h">
      <Filter>util\Math</Filter>
    </ClInclude>
    <ClInclude Include="..\src\util\Math\Vector3.h">
      <Filter>util\Math</Filter>
    </ClInclude>
    <ClInclude Include="..\src\Graphics\Generic\Buffer.h">
      <Filter>Graphics\Generic</Filter>
    </ClInclude>
    <ClInclude Include="..\src\Graphics\Generic\Buffer1D.h">
      <Filter>Graphics\Generic</Filter>
    </ClInclude>
    <ClInclude Include="..\src\Graphics\Generic\Buffer2D.h">
      <Filter>Graphics\Generic</Filter>
    </ClInclude>
    <ClInclude Include="..\src\Graphics\Generic\Driver.h">
      <Filter>Graphics\Generic</Filter>
    </ClInclude>
    <ClInclude Include="..\src\Graphics\DXGI\dxgi.h">
      <Filter>Graphics\DXGI</Filter>
    </ClInclude>
    <ClInclude Include="..\src\Graphics\DXGI\Factory.h">
      <Filter>Graphics\DXGI</Filter>
    </ClInclude>
    <ClInclude Include="..\src\Graphics\DXGI\VideoCard.h">
      <Filter>Graphics\DXGI</Filter>
    </ClInclude>
    <ClInclude Include="..\src\Graphics\D3D11\Driver.h">
      <Filter>Graphics\d3d11</Filter>
    </ClInclude>
    <ClInclude Include="..\src\Graphics\D3D11\GenericToD3D.h">
      <Filter>Graphics\d3d11</Filter>
    </ClInclude>
    <ClInclude Include="..\src\Graphics\Generic\Vertexs.h">
      <Filter>Graphics\Generic</Filter>
    </ClInclude>
    <ClInclude Include="..\src\Graphics\D3D11\Vertexs.h">
      <Filter>Graphics\d3d11</Filter>
    </ClInclude>
    <ClInclude Include="..\src\Graphics\D3D11\ShaderCompiler.h">
      <Filter>Graphics\d3d11</Filter>
    </ClInclude>
    <ClInclude Include="..\src\procedural\Bezier.h">
      <Filter>Geometry</Filter>
    </ClInclude>
    <ClInclude Include="..\src\procedural\Geometry.h">
      <Filter>Geometry</Filter>
    </ClInclude>
    <ClInclude Include="..\src\procedural\TeapotData.hpp">
      <Filter>Geometry</Filter>
    </ClInclude>
    <ClInclude Include="..\src\util\CmdLineParser.h">
      <Filter>util</Filter>
    </ClInclude>
    <ClInclude Include="..\src\engine\Event.h">
      <Filter>engine</Filter>
    </ClInclude>
    <ClInclude Include="..\src\engine\Engine.h">
      <Filter>engine</Filter>
    </ClInclude>
    <ClInclude Include="..\src\main\WindowsGame.h">
      <Filter>main</Filter>
    </ClInclude>
    <ClInclude Include="..\src\engine\GameEvent.h">
      <Filter>engine</Filter>
    </ClInclude>
    <ClInclude Include="..\src\Graphics\D3D11\Render.h">
      <Filter>Graphics\d3d11</Filter>
    </ClInclude>
    <ClInclude Include="..\src\Graphics\Generic\Color.h">
      <Filter>Graphics\Generic</Filter>
    </ClInclude>
    <ClInclude Include="..\src\Graphics\D3D11\Types.h">
      <Filter>Graphics\d3d11</Filter>
    </ClInclude>
    <ClInclude Include="..\src\Graphics\Generic\Mesh.h">
      <Filter>Graphics\Generic</Filter>
    </ClInclude>
    <ClInclude Include="..\src\Graphics\Generic\Topology.h">
      <Filter>Graphics\Generic</Filter>
    </ClInclude>
    <ClInclude Include="..\src\Graphics\Generic\IndexSizes.h">
      <Filter>Graphics\Generic</Filter>
    </ClInclude>
    <ClInclude Include="..\src\Globals.h" />
    <ClInclude Include="..\src\Graphics\D3D11\BufferTraits.h">
      <Filter>Graphics\d3d11</Filter>
    </ClInclude>
    <ClInclude Include="..\src\Graphics\Generic\BufferTraits.h">
      <Filter>Graphics\Generic</Filter>
    </ClInclude>
  </ItemGroup>
  <ItemGroup>
    <FxCompile Include="..\media\VertexShaders\EngineVSPosNormalUV.hlsl">
      <Filter>media\vertexshaders</Filter>
    </FxCompile>
    <FxCompile Include="..\media\VertexShaders\VertexShader.hlsl">
      <Filter>media\vertexshaders</Filter>
    </FxCompile>
    <FxCompile Include="..\media\VertexShaders\VSPosColor.hlsl">
      <Filter>media\vertexshaders</Filter>
    </FxCompile>
    <FxCompile Include="..\media\VertexShaders\VSPosNormalUV.hlsl">
      <Filter>media\vertexshaders</Filter>
    </FxCompile>
    <FxCompile Include="..\media\VertexShaders\VSPosUV.hlsl">
      <Filter>media\vertexshaders</Filter>
    </FxCompile>
    <FxCompile Include="..\media\PixelShaders\PixelShader.hlsl">
      <Filter>media\pixelshaders</Filter>
    </FxCompile>
    <FxCompile Include="..\media\PixelShaders\PSPosColor.hlsl">
      <Filter>media\pixelshaders</Filter>
    </FxCompile>
    <FxCompile Include="..\media\PixelShaders\PSPosNormalUV.hlsl">
      <Filter>media\pixelshaders</Filter>
    </FxCompile>
    <FxCompile Include="..\media\PixelShaders\PSPosUV.hlsl">
      <Filter>media\pixelshaders</Filter>
    </FxCompile>
  </ItemGroup>
</Project>